
Microsoft Visual Studio Solution File, Format Version 11.00
# Visual Studio 2010
Project("{FAE04EC0-301F-11D3-BF4B-00C04F79EFBC}") = "07-AdoOrnek", "07-AdoOrnek\07-AdoOrnek.csproj", "{28394C5F-D74D-4B8A-A5A7-4CB3413F3C5B}"
EndProject
Global
	GlobalSection(SolutionConfigurationPlatforms) = preSolution
		Debug|x86 = Debug|x86
		Release|x86 = Release|x86
	EndGlobalSection
	GlobalSection(ProjectConfigurationPlatforms) = postSolution
		{28394C5F-D74D-4B8A-A5A7-4CB3413F3C5B}.Debug|x86.ActiveCfg = Debug|x86
		{28394C5F-D74D-4B8A-A5A7-4CB3413F3C5B}.Debug|x86.Build.0 = Debug|x86
		{28394C5F-D74D-4B8A-A5A7-4CB3413F3C5B}.Release|x86.ActiveCfg = Release|x86
		{28394C5F-D74D-4B8A-A5A7-4CB3413F3C5B}.Release|x86.Build.0 = Release|x86
	EndGlobalSection
	GlobalSection(SolutionProperties) = preSolution
		HideSolutionNode = FALSE
	EndGlobalSection
EndGlobal
