
Microsoft Visual Studio Solution File, Format Version 11.00
# Visual Studio 2010
Project("{FAE04EC0-301F-11D3-BF4B-00C04F79EFBC}") = "Formu Titret", "Formu Titret\Formu Titret.csproj", "{AC3B50D2-20DF-45E5-981C-F278014C9F46}"
EndProject
Global
	GlobalSection(SolutionConfigurationPlatforms) = preSolution
		Debug|x86 = Debug|x86
		Release|x86 = Release|x86
	EndGlobalSection
	GlobalSection(ProjectConfigurationPlatforms) = postSolution
		{AC3B50D2-20DF-45E5-981C-F278014C9F46}.Debug|x86.ActiveCfg = Debug|x86
		{AC3B50D2-20DF-45E5-981C-F278014C9F46}.Debug|x86.Build.0 = Debug|x86
		{AC3B50D2-20DF-45E5-981C-F278014C9F46}.Release|x86.ActiveCfg = Release|x86
		{AC3B50D2-20DF-45E5-981C-F278014C9F46}.Release|x86.Build.0 = Release|x86
	EndGlobalSection
	GlobalSection(SolutionProperties) = preSolution
		HideSolutionNode = FALSE
	EndGlobalSection
EndGlobal
